
Microsoft Visual Studio Solution File, Format Version 12.00
Project("{2150E333-8FDC-42A3-9474-1A3956D46DE8}") = "src", "src", "{3B5BAA82-0CB4-44CA-9BA6-6B1D5AD22E9C}"
EndProject
Project("{FAE04EC0-301F-11D3-BF4B-00C04F79EFBC}") = "Spectrum", "src\Spectrum\Spectrum.csproj", "{D7725CDA-1D0E-460A-91CF-A72ED5DD2D94}"
EndProject
Project("{2150E333-8FDC-42A3-9474-1A3956D46DE8}") = "Solutions Items", "Solutions Items", "{C46BFD1E-F3FD-42E3-B359-EECD7E2F7D82}"
	ProjectSection(SolutionItems) = preProject
		.gitignore = .gitignore
		LICENSE = LICENSE
	EndProjectSection
EndProject
Global
	GlobalSection(SolutionConfigurationPlatforms) = preSolution
		Debug|Any CPU = Debug|Any CPU
		Release|Any CPU = Release|Any CPU
	EndGlobalSection
	GlobalSection(NestedProjects) = preSolution
		{D7725CDA-1D0E-460A-91CF-A72ED5DD2D94} = {3B5BAA82-0CB4-44CA-9BA6-6B1D5AD22E9C}
	EndGlobalSection
	GlobalSection(ProjectConfigurationPlatforms) = postSolution
		{D7725CDA-1D0E-460A-91CF-A72ED5DD2D94}.Debug|Any CPU.ActiveCfg = Debug|Any CPU
		{D7725CDA-1D0E-460A-91CF-A72ED5DD2D94}.Debug|Any CPU.Build.0 = Debug|Any CPU
		{D7725CDA-1D0E-460A-91CF-A72ED5DD2D94}.Release|Any CPU.ActiveCfg = Release|Any CPU
		{D7725CDA-1D0E-460A-91CF-A72ED5DD2D94}.Release|Any CPU.Build.0 = Release|Any CPU
	EndGlobalSection
EndGlobal
